{
    "_readme": [
        "This file locks the dependencies of your project to a known state",
        "Read more about it at https://getcomposer.org/doc/01-basic-usage.md#composer-lock-the-lock-file",
        "This file is @generated automatically"
    ],
    "content-hash": "e918223a24d3da0794bbddb838be475c",
    "packages": [
        {
            "name": "webmaniabr/nfe",
            "version": "1.0",
            "source": {
                "type": "git",
                "url": "https://github.com/webmaniabr/NFe-PHP-SDK.git",
                "reference": "f99f88edab873742654c6ae91a2cc62d804629e2"
            },
            "dist": {
                "type": "zip",
                "url": "https://api.github.com/repos/webmaniabr/NFe-PHP-SDK/zipball/f99f88edab873742654c6ae91a2cc62d804629e2",
                "reference": "f99f88edab873742654c6ae91a2cc62d804629e2",
                "shasum": ""
            },
            "require": {
                "php": ">=5.2.0"
            },
            "type": "library",
            "autoload": {
                "psr-0": {
                    "WebmaniaBR": "src/"
                }
            },
            "notification-url": "https://packagist.org/downloads/",
            "license": [
                "Apache-2.0"
            ],
            "authors": [
                {
                    "name": "WebmaniaBR®",
                    "email": "suporte@webmaniabr.com"
                }
            ],
            "description": "Emissão de Nota Fiscal Eletrônica na linguagem PHP utilizando a REST API da WebmaniaBR®.",
            "homepage": "https://webmaniabr.com/docs/rest-api-nfe/",
            "keywords": [
                "api",
                "nfce",
                "nfe",
                "nota fiscal",
                "notafiscal"
            ],
            "time": "2018-02-02T13:31:03+00:00"
        }
    ],
    "packages-dev": [],
    "aliases": [],
    "minimum-stability": "stable",
    "stability-flags": [],
    "prefer-stable": false,
    "prefer-lowest": false,
    "platform": [],
    "platform-dev": []
}
